
Microsoft Visual Studio Solution File, Format Version 12.00
# Visual Studio 2012
Project("{FAE04EC0-301F-11D3-BF4B-00C04F79EFBC}") = "cs-exercice-4", "cs-exercice-4\cs-exercice-4.csproj", "{3DC48DD7-06AF-40CF-9E34-0E99255E1653}"
EndProject
Global
	GlobalSection(SolutionConfigurationPlatforms) = preSolution
		Debug|Any CPU = Debug|Any CPU
		Release|Any CPU = Release|Any CPU
	EndGlobalSection
	GlobalSection(ProjectConfigurationPlatforms) = postSolution
		{3DC48DD7-06AF-40CF-9E34-0E99255E1653}.Debug|Any CPU.ActiveCfg = Debug|Any CPU
		{3DC48DD7-06AF-40CF-9E34-0E99255E1653}.Debug|Any CPU.Build.0 = Debug|Any CPU
		{3DC48DD7-06AF-40CF-9E34-0E99255E1653}.Release|Any CPU.ActiveCfg = Release|Any CPU
		{3DC48DD7-06AF-40CF-9E34-0E99255E1653}.Release|Any CPU.Build.0 = Release|Any CPU
	EndGlobalSection
	GlobalSection(SolutionProperties) = preSolution
		HideSolutionNode = FALSE
	EndGlobalSection
EndGlobal
